{
  "name": "node-red-contrib-solaredge-modbus-client",
  "version": "1.0.1",
  "lockfileVersion": 1,
  "requires": true,
  "dependencies": {
    "modbus-tcp": {
      "version": "0.4.13",
      "resolved": "https://registry.npmjs.org/modbus-tcp/-/modbus-tcp-0.4.13.tgz",
      "integrity": "sha512-TytYObBTQhEMzjfFgGK3iESUoneH9WJRWHoZkt7PBuNnnx2nSOW0tOLC1YeQKNi/Qv7Xv0IjbVhxOoHyXOaV9g=="
    }
  }
}
