{
  "name": "red-solaredge-modbus-client",
  "version": "1.0.0",
  "lockfileVersion": 1,
  "requires": true,
  "dependencies": {
    "esm": {
      "version": "3.2.25",
      "resolved": "https://registry.npmjs.org/esm/-/esm-3.2.25.tgz",
      "integrity": "sha512-U1suiZ2oDVWv4zPO56S0NcR5QriEahGtdN2OR6FiOG4WJvcjBVFB0qI4+eKoWFH483PKGuLuu6V8Z4T5g63UVA=="
    },
    "modbus-tcp": {
      "version": "0.4.13",
      "resolved": "https://registry.npmjs.org/modbus-tcp/-/modbus-tcp-0.4.13.tgz",
      "integrity": "sha512-TytYObBTQhEMzjfFgGK3iESUoneH9WJRWHoZkt7PBuNnnx2nSOW0tOLC1YeQKNi/Qv7Xv0IjbVhxOoHyXOaV9g=="
    },
    "solaredge-modbus-client": {
      "version": "1.0.5",
      "resolved": "https://registry.npmjs.org/solaredge-modbus-client/-/solaredge-modbus-client-1.0.5.tgz",
      "integrity": "sha512-tVgy6R36z2ysV0umVq4q5nXTcm6Lx0TkCfu5nc1+fnRfHAq1ayVDhVllCO6/yQ1zMGQYtubfweSiQRQJpsKOXg==",
      "requires": {
        "esm": "^3.0.84",
        "modbus-tcp": "^0.4.13"
      }
    }
  }
}
